
Microsoft Visual Studio Solution File, Format Version 12.00
# Visual Studio 14
VisualStudioVersion = 14.0.23107.0
MinimumVisualStudioVersion = 10.0.40219.1
Project("{FAE04EC0-301F-11D3-BF4B-00C04F79EFBC}") = "PROG6212POE", "PROG6212POE\PROG6212POE.csproj", "{3AFE760F-A4EA-4D11-A701-FA254904F3F7}"
EndProject
Project("{FAE04EC0-301F-11D3-BF4B-00C04F79EFBC}") = "ClassLibrary1", "ClassLibrary1\ClassLibrary1.csproj", "{489DE2D2-2E04-458C-BDE1-4B9626450F79}"
EndProject
Global
	GlobalSection(SolutionConfigurationPlatforms) = preSolution
		Debug|Any CPU = Debug|Any CPU
		Release|Any CPU = Release|Any CPU
	EndGlobalSection
	GlobalSection(ProjectConfigurationPlatforms) = postSolution
		{3AFE760F-A4EA-4D11-A701-FA254904F3F7}.Debug|Any CPU.ActiveCfg = Debug|Any CPU
		{3AFE760F-A4EA-4D11-A701-FA254904F3F7}.Debug|Any CPU.Build.0 = Debug|Any CPU
		{3AFE760F-A4EA-4D11-A701-FA254904F3F7}.Release|Any CPU.ActiveCfg = Release|Any CPU
		{3AFE760F-A4EA-4D11-A701-FA254904F3F7}.Release|Any CPU.Build.0 = Release|Any CPU
		{489DE2D2-2E04-458C-BDE1-4B9626450F79}.Debug|Any CPU.ActiveCfg = Debug|Any CPU
		{489DE2D2-2E04-458C-BDE1-4B9626450F79}.Debug|Any CPU.Build.0 = Debug|Any CPU
		{489DE2D2-2E04-458C-BDE1-4B9626450F79}.Release|Any CPU.ActiveCfg = Release|Any CPU
		{489DE2D2-2E04-458C-BDE1-4B9626450F79}.Release|Any CPU.Build.0 = Release|Any CPU
	EndGlobalSection
	GlobalSection(SolutionProperties) = preSolution
		HideSolutionNode = FALSE
	EndGlobalSection
EndGlobal
